Microsoft Visual Studio Solution File, Format Version 12.00
# 
Project("{2150E333-8FDC-42A3-9474-1A3956D46DE8}") = "Solution Items", "Solution Items", "{B283EBC2-E01F-412D-9339-FD56EF114549}"
	ProjectSection(SolutionItems) = preProject
		..\..\..\..\Directory.Build.props = ..\..\..\..\Directory.Build.props
		..\..\..\..\Directory.Build.targets = ..\..\..\..\Directory.Build.targets
		..\..\..\..\global.json = ..\..\..\..\global.json
		..\..\..\..\Packages\Versions.Local.props = ..\..\..\..\Packages\Versions.Local.props
	EndProjectSection
EndProject
Project("{FAE04EC0-301F-11D3-BF4B-00C04F79EFBC}") = "Dgmjr.Identity.EntityFrameworkCore", "..\EntityFrameworkCore\Dgmjr.Identity.EntityFrameworkCore.csproj", "{5A958146-A437-4A42-B249-CEB5685B07DE}"
EndProject
Project("{FAE04EC0-301F-11D3-BF4B-00C04F79EFBC}") = "EntityFrameworkCore.Cli", "EntityFrameworkCore.Cli.csproj", "{45BD0A81-9D34-477C-91EF-92EF9C649231}"
EndProject
Global
	GlobalSection(SolutionConfigurationPlatforms) = preSolution
		Local|Any CPU = Local|Any CPU
		Debug|Any CPU = Debug|Any CPU
		Testing|Any CPU = Testing|Any CPU
		Staging|Any CPU = Staging|Any CPU
		Production|Any CPU = Production|Any CPU
		Release|Any CPU = Release|Any CPU
	EndGlobalSection
	GlobalSection(ProjectConfigurationPlatforms) = postSolution
		{5A958146-A437-4A42-B249-CEB5685B07DE}.Local|Any CPU.ActiveCfg = Local|Any CPU
		{5A958146-A437-4A42-B249-CEB5685B07DE}.Local|Any CPU.Build.0 = Local|Any CPU
		{5A958146-A437-4A42-B249-CEB5685B07DE}.Debug|Any CPU.ActiveCfg = Debug|Any CPU
		{5A958146-A437-4A42-B249-CEB5685B07DE}.Debug|Any CPU.Build.0 = Debug|Any CPU
		{5A958146-A437-4A42-B249-CEB5685B07DE}.Testing|Any CPU.ActiveCfg = Testing|Any CPU
		{5A958146-A437-4A42-B249-CEB5685B07DE}.Testing|Any CPU.Build.0 = Testing|Any CPU
		{5A958146-A437-4A42-B249-CEB5685B07DE}.Staging|Any CPU.ActiveCfg = Staging|Any CPU
		{5A958146-A437-4A42-B249-CEB5685B07DE}.Staging|Any CPU.Build.0 = Staging|Any CPU
		{5A958146-A437-4A42-B249-CEB5685B07DE}.Production|Any CPU.ActiveCfg = Local|Any CPU
		{5A958146-A437-4A42-B249-CEB5685B07DE}.Production|Any CPU.Build.0 = Local|Any CPU
		{5A958146-A437-4A42-B249-CEB5685B07DE}.Release|Any CPU.ActiveCfg = Release|Any CPU
		{5A958146-A437-4A42-B249-CEB5685B07DE}.Release|Any CPU.Build.0 = Release|Any CPU
		{45BD0A81-9D34-477C-91EF-92EF9C649231}.Local|Any CPU.ActiveCfg = Local|Any CPU
		{45BD0A81-9D34-477C-91EF-92EF9C649231}.Local|Any CPU.Build.0 = Local|Any CPU
		{45BD0A81-9D34-477C-91EF-92EF9C649231}.Debug|Any CPU.ActiveCfg = Debug|Any CPU
		{45BD0A81-9D34-477C-91EF-92EF9C649231}.Debug|Any CPU.Build.0 = Debug|Any CPU
		{45BD0A81-9D34-477C-91EF-92EF9C649231}.Testing|Any CPU.ActiveCfg = Testing|Any CPU
		{45BD0A81-9D34-477C-91EF-92EF9C649231}.Testing|Any CPU.Build.0 = Testing|Any CPU
		{45BD0A81-9D34-477C-91EF-92EF9C649231}.Staging|Any CPU.ActiveCfg = Staging|Any CPU
		{45BD0A81-9D34-477C-91EF-92EF9C649231}.Staging|Any CPU.Build.0 = Staging|Any CPU
		{45BD0A81-9D34-477C-91EF-92EF9C649231}.Production|Any CPU.ActiveCfg = Local|Any CPU
		{45BD0A81-9D34-477C-91EF-92EF9C649231}.Production|Any CPU.Build.0 = Local|Any CPU
		{45BD0A81-9D34-477C-91EF-92EF9C649231}.Release|Any CPU.ActiveCfg = Release|Any CPU
		{45BD0A81-9D34-477C-91EF-92EF9C649231}.Release|Any CPU.Build.0 = Release|Any CPU
	EndGlobalSection
	GlobalSection(SolutionProperties) = preSolution
		HideSolutionNode = FALSE
	EndGlobalSection
	GlobalSection(ExtensibilityGlobals) = postSolution
		SolutionGuid = {EA8C1764-1D19-4B13-9298-0A29E6ABB433}
	EndGlobalSection
EndGlobal
