Microsoft Visual Studio Solution File, Format Version 12.00
# 
Project("{2150E333-8FDC-42A3-9474-1A3956D46DE8}") = "Solution Items", "Solution Items", "{B283EBC2-E01F-412D-9339-FD56EF114549}"
	ProjectSection(SolutionItems) = preProject
		..\..\..\..\Directory.Build.props = ..\..\..\..\Directory.Build.props
		..\..\..\..\Directory.Build.targets = ..\..\..\..\Directory.Build.targets
		..\..\..\..\global.json = ..\..\..\..\global.json
		..\..\..\..\Packages\Versions.Local.props = ..\..\..\..\Packages\Versions.Local.props
	EndProjectSection
EndProject
Project("{FAE04EC0-301F-11D3-BF4B-00C04F79EFBC}") = "Dgmjr.Identity.Abstractions", "..\Abstractions\Dgmjr.Identity.Abstractions.csproj", "{354329EF-EDC2-44D4-BD03-F08D735A368A}"
EndProject
Project("{FAE04EC0-301F-11D3-BF4B-00C04F79EFBC}") = "Dgmjr.Identity.Constants", "..\Constants\Dgmjr.Identity.Constants.csproj", "{007C009A-1437-492C-B32C-C0FA01D3EC90}"
EndProject
Project("{FAE04EC0-301F-11D3-BF4B-00C04F79EFBC}") = "Dgmjr.Identity.EntityFrameworkCore.Constants", "..\EntityFrameworkCore.Constants\Dgmjr.Identity.EntityFrameworkCore.Constants.csproj", "{82DE44E6-1895-4E74-BAC6-466B9E2676E7}"
EndProject
Project("{FAE04EC0-301F-11D3-BF4B-00C04F79EFBC}") = "Dgmjr.Identity.Models", "..\Models\Dgmjr.Identity.Models.csproj", "{DDAF7758-F724-4655-A4F4-8594A99C0006}"
EndProject
Project("{FAE04EC0-301F-11D3-BF4B-00C04F79EFBC}") = "EFCore", "EFCore.csproj", "{9879D76D-AFAA-4487-9782-540D7B52D1CF}"
EndProject
Global
	GlobalSection(SolutionConfigurationPlatforms) = preSolution
		Local|Any CPU = Local|Any CPU
		Debug|Any CPU = Debug|Any CPU
		Testing|Any CPU = Testing|Any CPU
		Staging|Any CPU = Staging|Any CPU
		Production|Any CPU = Production|Any CPU
		Release|Any CPU = Release|Any CPU
	EndGlobalSection
	GlobalSection(ProjectConfigurationPlatforms) = postSolution
		{354329EF-EDC2-44D4-BD03-F08D735A368A}.Local|Any CPU.ActiveCfg = Local|Any CPU
		{354329EF-EDC2-44D4-BD03-F08D735A368A}.Local|Any CPU.Build.0 = Local|Any CPU
		{354329EF-EDC2-44D4-BD03-F08D735A368A}.Debug|Any CPU.ActiveCfg = Debug|Any CPU
		{354329EF-EDC2-44D4-BD03-F08D735A368A}.Debug|Any CPU.Build.0 = Debug|Any CPU
		{354329EF-EDC2-44D4-BD03-F08D735A368A}.Testing|Any CPU.ActiveCfg = Testing|Any CPU
		{354329EF-EDC2-44D4-BD03-F08D735A368A}.Testing|Any CPU.Build.0 = Testing|Any CPU
		{354329EF-EDC2-44D4-BD03-F08D735A368A}.Staging|Any CPU.ActiveCfg = Staging|Any CPU
		{354329EF-EDC2-44D4-BD03-F08D735A368A}.Staging|Any CPU.Build.0 = Staging|Any CPU
		{354329EF-EDC2-44D4-BD03-F08D735A368A}.Production|Any CPU.ActiveCfg = Local|Any CPU
		{354329EF-EDC2-44D4-BD03-F08D735A368A}.Production|Any CPU.Build.0 = Local|Any CPU
		{354329EF-EDC2-44D4-BD03-F08D735A368A}.Release|Any CPU.ActiveCfg = Release|Any CPU
		{354329EF-EDC2-44D4-BD03-F08D735A368A}.Release|Any CPU.Build.0 = Release|Any CPU
		{007C009A-1437-492C-B32C-C0FA01D3EC90}.Local|Any CPU.ActiveCfg = Local|Any CPU
		{007C009A-1437-492C-B32C-C0FA01D3EC90}.Local|Any CPU.Build.0 = Local|Any CPU
		{007C009A-1437-492C-B32C-C0FA01D3EC90}.Debug|Any CPU.ActiveCfg = Debug|Any CPU
		{007C009A-1437-492C-B32C-C0FA01D3EC90}.Debug|Any CPU.Build.0 = Debug|Any CPU
		{007C009A-1437-492C-B32C-C0FA01D3EC90}.Testing|Any CPU.ActiveCfg = Testing|Any CPU
		{007C009A-1437-492C-B32C-C0FA01D3EC90}.Testing|Any CPU.Build.0 = Testing|Any CPU
		{007C009A-1437-492C-B32C-C0FA01D3EC90}.Staging|Any CPU.ActiveCfg = Staging|Any CPU
		{007C009A-1437-492C-B32C-C0FA01D3EC90}.Staging|Any CPU.Build.0 = Staging|Any CPU
		{007C009A-1437-492C-B32C-C0FA01D3EC90}.Production|Any CPU.ActiveCfg = Local|Any CPU
		{007C009A-1437-492C-B32C-C0FA01D3EC90}.Production|Any CPU.Build.0 = Local|Any CPU
		{007C009A-1437-492C-B32C-C0FA01D3EC90}.Release|Any CPU.ActiveCfg = Release|Any CPU
		{007C009A-1437-492C-B32C-C0FA01D3EC90}.Release|Any CPU.Build.0 = Release|Any CPU
		{82DE44E6-1895-4E74-BAC6-466B9E2676E7}.Local|Any CPU.ActiveCfg = Local|Any CPU
		{82DE44E6-1895-4E74-BAC6-466B9E2676E7}.Local|Any CPU.Build.0 = Local|Any CPU
		{82DE44E6-1895-4E74-BAC6-466B9E2676E7}.Debug|Any CPU.ActiveCfg = Debug|Any CPU
		{82DE44E6-1895-4E74-BAC6-466B9E2676E7}.Debug|Any CPU.Build.0 = Debug|Any CPU
		{82DE44E6-1895-4E74-BAC6-466B9E2676E7}.Testing|Any CPU.ActiveCfg = Testing|Any CPU
		{82DE44E6-1895-4E74-BAC6-466B9E2676E7}.Testing|Any CPU.Build.0 = Testing|Any CPU
		{82DE44E6-1895-4E74-BAC6-466B9E2676E7}.Staging|Any CPU.ActiveCfg = Staging|Any CPU
		{82DE44E6-1895-4E74-BAC6-466B9E2676E7}.Staging|Any CPU.Build.0 = Staging|Any CPU
		{82DE44E6-1895-4E74-BAC6-466B9E2676E7}.Production|Any CPU.ActiveCfg = Local|Any CPU
		{82DE44E6-1895-4E74-BAC6-466B9E2676E7}.Production|Any CPU.Build.0 = Local|Any CPU
		{82DE44E6-1895-4E74-BAC6-466B9E2676E7}.Release|Any CPU.ActiveCfg = Release|Any CPU
		{82DE44E6-1895-4E74-BAC6-466B9E2676E7}.Release|Any CPU.Build.0 = Release|Any CPU
		{DDAF7758-F724-4655-A4F4-8594A99C0006}.Local|Any CPU.ActiveCfg = Local|Any CPU
		{DDAF7758-F724-4655-A4F4-8594A99C0006}.Local|Any CPU.Build.0 = Local|Any CPU
		{DDAF7758-F724-4655-A4F4-8594A99C0006}.Debug|Any CPU.ActiveCfg = Debug|Any CPU
		{DDAF7758-F724-4655-A4F4-8594A99C0006}.Debug|Any CPU.Build.0 = Debug|Any CPU
		{DDAF7758-F724-4655-A4F4-8594A99C0006}.Testing|Any CPU.ActiveCfg = Testing|Any CPU
		{DDAF7758-F724-4655-A4F4-8594A99C0006}.Testing|Any CPU.Build.0 = Testing|Any CPU
		{DDAF7758-F724-4655-A4F4-8594A99C0006}.Staging|Any CPU.ActiveCfg = Staging|Any CPU
		{DDAF7758-F724-4655-A4F4-8594A99C0006}.Staging|Any CPU.Build.0 = Staging|Any CPU
		{DDAF7758-F724-4655-A4F4-8594A99C0006}.Production|Any CPU.ActiveCfg = Local|Any CPU
		{DDAF7758-F724-4655-A4F4-8594A99C0006}.Production|Any CPU.Build.0 = Local|Any CPU
		{DDAF7758-F724-4655-A4F4-8594A99C0006}.Release|Any CPU.ActiveCfg = Release|Any CPU
		{DDAF7758-F724-4655-A4F4-8594A99C0006}.Release|Any CPU.Build.0 = Release|Any CPU
		{9879D76D-AFAA-4487-9782-540D7B52D1CF}.Local|Any CPU.ActiveCfg = Local|Any CPU
		{9879D76D-AFAA-4487-9782-540D7B52D1CF}.Local|Any CPU.Build.0 = Local|Any CPU
		{9879D76D-AFAA-4487-9782-540D7B52D1CF}.Debug|Any CPU.ActiveCfg = Debug|Any CPU
		{9879D76D-AFAA-4487-9782-540D7B52D1CF}.Debug|Any CPU.Build.0 = Debug|Any CPU
		{9879D76D-AFAA-4487-9782-540D7B52D1CF}.Testing|Any CPU.ActiveCfg = Testing|Any CPU
		{9879D76D-AFAA-4487-9782-540D7B52D1CF}.Testing|Any CPU.Build.0 = Testing|Any CPU
		{9879D76D-AFAA-4487-9782-540D7B52D1CF}.Staging|Any CPU.ActiveCfg = Staging|Any CPU
		{9879D76D-AFAA-4487-9782-540D7B52D1CF}.Staging|Any CPU.Build.0 = Staging|Any CPU
		{9879D76D-AFAA-4487-9782-540D7B52D1CF}.Production|Any CPU.ActiveCfg = Local|Any CPU
		{9879D76D-AFAA-4487-9782-540D7B52D1CF}.Production|Any CPU.Build.0 = Local|Any CPU
		{9879D76D-AFAA-4487-9782-540D7B52D1CF}.Release|Any CPU.ActiveCfg = Release|Any CPU
		{9879D76D-AFAA-4487-9782-540D7B52D1CF}.Release|Any CPU.Build.0 = Release|Any CPU
	EndGlobalSection
	GlobalSection(SolutionProperties) = preSolution
		HideSolutionNode = FALSE
	EndGlobalSection
	GlobalSection(ExtensibilityGlobals) = postSolution
		SolutionGuid = {DBDF07D6-D741-4931-9A80-08989A236F57}
	EndGlobalSection
EndGlobal
