Microsoft Visual Studio Solution File, Format Version 12.00
# 
Project("{2150E333-8FDC-42A3-9474-1A3956D46DE8}") = "Solution Items", "Solution Items", "{B283EBC2-E01F-412D-9339-FD56EF114549}"
	ProjectSection(SolutionItems) = preProject
		..\..\..\..\Directory.Build.props = ..\..\..\..\Directory.Build.props
		..\..\..\..\Directory.Build.targets = ..\..\..\..\Directory.Build.targets
		..\..\..\..\global.json = ..\..\..\..\global.json
		..\..\..\..\Packages\Versions.Local.props = ..\..\..\..\Packages\Versions.Local.props
	EndProjectSection
EndProject
Project("{FAE04EC0-301F-11D3-BF4B-00C04F79EFBC}") = "Dgmjr.Identity.Abstractions", "..\Abstractions\Dgmjr.Identity.Abstractions.csproj", "{828E6F24-CF9B-460C-8B98-A7D36E01D5C2}"
EndProject
Project("{FAE04EC0-301F-11D3-BF4B-00C04F79EFBC}") = "Dgmjr.Security.Extensions", "Dgmjr.Security.Extensions.csproj", "{4A174565-33EE-4D3B-B06D-0564DE35882D}"
EndProject
Global
	GlobalSection(SolutionConfigurationPlatforms) = preSolution
		Local|Any CPU = Local|Any CPU
		Debug|Any CPU = Debug|Any CPU
		Testing|Any CPU = Testing|Any CPU
		Staging|Any CPU = Staging|Any CPU
		Production|Any CPU = Production|Any CPU
		Release|Any CPU = Release|Any CPU
	EndGlobalSection
	GlobalSection(ProjectConfigurationPlatforms) = postSolution
		{828E6F24-CF9B-460C-8B98-A7D36E01D5C2}.Local|Any CPU.ActiveCfg = Local|Any CPU
		{828E6F24-CF9B-460C-8B98-A7D36E01D5C2}.Local|Any CPU.Build.0 = Local|Any CPU
		{828E6F24-CF9B-460C-8B98-A7D36E01D5C2}.Debug|Any CPU.ActiveCfg = Debug|Any CPU
		{828E6F24-CF9B-460C-8B98-A7D36E01D5C2}.Debug|Any CPU.Build.0 = Debug|Any CPU
		{828E6F24-CF9B-460C-8B98-A7D36E01D5C2}.Testing|Any CPU.ActiveCfg = Testing|Any CPU
		{828E6F24-CF9B-460C-8B98-A7D36E01D5C2}.Testing|Any CPU.Build.0 = Testing|Any CPU
		{828E6F24-CF9B-460C-8B98-A7D36E01D5C2}.Staging|Any CPU.ActiveCfg = Staging|Any CPU
		{828E6F24-CF9B-460C-8B98-A7D36E01D5C2}.Staging|Any CPU.Build.0 = Staging|Any CPU
		{828E6F24-CF9B-460C-8B98-A7D36E01D5C2}.Production|Any CPU.ActiveCfg = Local|Any CPU
		{828E6F24-CF9B-460C-8B98-A7D36E01D5C2}.Production|Any CPU.Build.0 = Local|Any CPU
		{828E6F24-CF9B-460C-8B98-A7D36E01D5C2}.Release|Any CPU.ActiveCfg = Release|Any CPU
		{828E6F24-CF9B-460C-8B98-A7D36E01D5C2}.Release|Any CPU.Build.0 = Release|Any CPU
		{4A174565-33EE-4D3B-B06D-0564DE35882D}.Local|Any CPU.ActiveCfg = Local|Any CPU
		{4A174565-33EE-4D3B-B06D-0564DE35882D}.Local|Any CPU.Build.0 = Local|Any CPU
		{4A174565-33EE-4D3B-B06D-0564DE35882D}.Debug|Any CPU.ActiveCfg = Debug|Any CPU
		{4A174565-33EE-4D3B-B06D-0564DE35882D}.Debug|Any CPU.Build.0 = Debug|Any CPU
		{4A174565-33EE-4D3B-B06D-0564DE35882D}.Testing|Any CPU.ActiveCfg = Testing|Any CPU
		{4A174565-33EE-4D3B-B06D-0564DE35882D}.Testing|Any CPU.Build.0 = Testing|Any CPU
		{4A174565-33EE-4D3B-B06D-0564DE35882D}.Staging|Any CPU.ActiveCfg = Staging|Any CPU
		{4A174565-33EE-4D3B-B06D-0564DE35882D}.Staging|Any CPU.Build.0 = Staging|Any CPU
		{4A174565-33EE-4D3B-B06D-0564DE35882D}.Production|Any CPU.ActiveCfg = Local|Any CPU
		{4A174565-33EE-4D3B-B06D-0564DE35882D}.Production|Any CPU.Build.0 = Local|Any CPU
		{4A174565-33EE-4D3B-B06D-0564DE35882D}.Release|Any CPU.ActiveCfg = Release|Any CPU
		{4A174565-33EE-4D3B-B06D-0564DE35882D}.Release|Any CPU.Build.0 = Release|Any CPU
	EndGlobalSection
	GlobalSection(SolutionProperties) = preSolution
		HideSolutionNode = FALSE
	EndGlobalSection
	GlobalSection(ExtensibilityGlobals) = postSolution
		SolutionGuid = {2F00E4F2-BE94-4A34-9AA0-9170E44FDFA8}
	EndGlobalSection
EndGlobal
