Microsoft Visual Studio Solution File, Format Version 12.00
#
Project("{2150E333-8FDC-42A3-9474-1A3956D46DE8}") = "Solution Items", "Solution Items", "{B283EBC2-E01F-412D-9339-FD56EF114549}"
	ProjectSection(SolutionItems) = preProject
		..\..\Directory.Build.props = ..\..\Directory.Build.props
		..\..\Directory.Build.targets = ..\..\Directory.Build.targets
		..\..\global.json = ..\..\global.json
		..\..\Packages\Versions.Local.props = ..\..\Packages\Versions.Local.props
	EndProjectSection
EndProject
Project("{2150E333-8FDC-42A3-9474-1A3956D46DE8}") = "src", "src", "{C568D0CD-2258-4A23-AB48-6A921ADE16F8}"
EndProject
Project("{FAE04EC0-301F-11D3-BF4B-00C04F79EFBC}") = "Dgmjr.Identity.Abstractions", "src\Abstractions\Dgmjr.Identity.Abstractions.csproj", "{828E6F24-CF9B-460C-8B98-A7D36E01D5C2}"
EndProject
Project("{FAE04EC0-301F-11D3-BF4B-00C04F79EFBC}") = "Dgmjr.Identity.AspNetCore", "src\AspNetCore\Dgmjr.Identity.AspNetCore.csproj", "{788E1832-67B3-4F53-AB6B-65100F1FA889}"
EndProject
Project("{FAE04EC0-301F-11D3-BF4B-00C04F79EFBC}") = "Dgmjr.Identity.Authorization", "src\Authorization\Dgmjr.Identity.Authorization.csproj", "{D9C6C62A-D71B-41CA-9822-4DA0FBEEDC34}"
EndProject
Project("{FAE04EC0-301F-11D3-BF4B-00C04F79EFBC}") = "Dgmjr.Identity.Claims", "src\Claims\Dgmjr.Identity.Claims.csproj", "{852898F8-D9F0-45E2-AF51-2E6E26C2CB91}"
EndProject
Project("{FAE04EC0-301F-11D3-BF4B-00C04F79EFBC}") = "Dgmjr.Identity.EntityFrameworkCore.Constants", "src\EntityFrameworkCore.Constants\Dgmjr.Identity.EntityFrameworkCore.Constants.csproj", "{2D7D820F-E0A1-4426-8D41-E912C7F55545}"
EndProject
Project("{FAE04EC0-301F-11D3-BF4B-00C04F79EFBC}") = "Dgmjr.Identity.EntityFrameworkCore", "src\EntityFrameworkCore\Dgmjr.Identity.EntityFrameworkCore.csproj", "{5A958146-A437-4A42-B249-CEB5685B07DE}"
EndProject
Project("{FAE04EC0-301F-11D3-BF4B-00C04F79EFBC}") = "Dgmjr.Identity.Models", "src\Models\Dgmjr.Identity.Models.csproj", "{3876F5AB-CB97-4D87-81C8-79AD596F764B}"
EndProject
Project("{FAE04EC0-301F-11D3-BF4B-00C04F79EFBC}") = "Dgmjr.Security", "src\Security\Dgmjr.Security.csproj", "{DD828C9C-C6EC-42D3-B3DF-4930FDB9E665}"
EndProject
Project("{FAE04EC0-301F-11D3-BF4B-00C04F79EFBC}") = "Dgmjr.Identity.Roles", "src\Roles\Dgmjr.Identity.Roles.csproj", "{9B1FE8B0-8FBF-4681-BC60-A6177C403073}"
EndProject
Global
	GlobalSection(SolutionConfigurationPlatforms) = preSolution
		Local|Any CPU = Local|Any CPU
		Debug|Any CPU = Debug|Any CPU
		Testing|Any CPU = Testing|Any CPU
		Staging|Any CPU = Staging|Any CPU
		Production|Any CPU = Production|Any CPU
		Release|Any CPU = Release|Any CPU
	EndGlobalSection
	GlobalSection(ProjectConfigurationPlatforms) = postSolution
		{828E6F24-CF9B-460C-8B98-A7D36E01D5C2}.Local|Any CPU.ActiveCfg = Local|Any CPU
		{828E6F24-CF9B-460C-8B98-A7D36E01D5C2}.Local|Any CPU.Build.0 = Local|Any CPU
		{828E6F24-CF9B-460C-8B98-A7D36E01D5C2}.Debug|Any CPU.ActiveCfg = Debug|Any CPU
		{828E6F24-CF9B-460C-8B98-A7D36E01D5C2}.Debug|Any CPU.Build.0 = Debug|Any CPU
		{828E6F24-CF9B-460C-8B98-A7D36E01D5C2}.Testing|Any CPU.ActiveCfg = Testing|Any CPU
		{828E6F24-CF9B-460C-8B98-A7D36E01D5C2}.Testing|Any CPU.Build.0 = Testing|Any CPU
		{828E6F24-CF9B-460C-8B98-A7D36E01D5C2}.Staging|Any CPU.ActiveCfg = Staging|Any CPU
		{828E6F24-CF9B-460C-8B98-A7D36E01D5C2}.Staging|Any CPU.Build.0 = Staging|Any CPU
		{828E6F24-CF9B-460C-8B98-A7D36E01D5C2}.Production|Any CPU.ActiveCfg = Local|Any CPU
		{828E6F24-CF9B-460C-8B98-A7D36E01D5C2}.Production|Any CPU.Build.0 = Local|Any CPU
		{828E6F24-CF9B-460C-8B98-A7D36E01D5C2}.Release|Any CPU.ActiveCfg = Release|Any CPU
		{828E6F24-CF9B-460C-8B98-A7D36E01D5C2}.Release|Any CPU.Build.0 = Release|Any CPU
		{788E1832-67B3-4F53-AB6B-65100F1FA889}.Local|Any CPU.ActiveCfg = Local|Any CPU
		{788E1832-67B3-4F53-AB6B-65100F1FA889}.Local|Any CPU.Build.0 = Local|Any CPU
		{788E1832-67B3-4F53-AB6B-65100F1FA889}.Debug|Any CPU.ActiveCfg = Debug|Any CPU
		{788E1832-67B3-4F53-AB6B-65100F1FA889}.Debug|Any CPU.Build.0 = Debug|Any CPU
		{788E1832-67B3-4F53-AB6B-65100F1FA889}.Testing|Any CPU.ActiveCfg = Testing|Any CPU
		{788E1832-67B3-4F53-AB6B-65100F1FA889}.Testing|Any CPU.Build.0 = Testing|Any CPU
		{788E1832-67B3-4F53-AB6B-65100F1FA889}.Staging|Any CPU.ActiveCfg = Staging|Any CPU
		{788E1832-67B3-4F53-AB6B-65100F1FA889}.Staging|Any CPU.Build.0 = Staging|Any CPU
		{788E1832-67B3-4F53-AB6B-65100F1FA889}.Production|Any CPU.ActiveCfg = Local|Any CPU
		{788E1832-67B3-4F53-AB6B-65100F1FA889}.Production|Any CPU.Build.0 = Local|Any CPU
		{788E1832-67B3-4F53-AB6B-65100F1FA889}.Release|Any CPU.ActiveCfg = Release|Any CPU
		{788E1832-67B3-4F53-AB6B-65100F1FA889}.Release|Any CPU.Build.0 = Release|Any CPU
		{D9C6C62A-D71B-41CA-9822-4DA0FBEEDC34}.Local|Any CPU.ActiveCfg = Local|Any CPU
		{D9C6C62A-D71B-41CA-9822-4DA0FBEEDC34}.Local|Any CPU.Build.0 = Local|Any CPU
		{D9C6C62A-D71B-41CA-9822-4DA0FBEEDC34}.Debug|Any CPU.ActiveCfg = Debug|Any CPU
		{D9C6C62A-D71B-41CA-9822-4DA0FBEEDC34}.Debug|Any CPU.Build.0 = Debug|Any CPU
		{D9C6C62A-D71B-41CA-9822-4DA0FBEEDC34}.Testing|Any CPU.ActiveCfg = Testing|Any CPU
		{D9C6C62A-D71B-41CA-9822-4DA0FBEEDC34}.Testing|Any CPU.Build.0 = Testing|Any CPU
		{D9C6C62A-D71B-41CA-9822-4DA0FBEEDC34}.Staging|Any CPU.ActiveCfg = Staging|Any CPU
		{D9C6C62A-D71B-41CA-9822-4DA0FBEEDC34}.Staging|Any CPU.Build.0 = Staging|Any CPU
		{D9C6C62A-D71B-41CA-9822-4DA0FBEEDC34}.Production|Any CPU.ActiveCfg = Local|Any CPU
		{D9C6C62A-D71B-41CA-9822-4DA0FBEEDC34}.Production|Any CPU.Build.0 = Local|Any CPU
		{D9C6C62A-D71B-41CA-9822-4DA0FBEEDC34}.Release|Any CPU.ActiveCfg = Release|Any CPU
		{D9C6C62A-D71B-41CA-9822-4DA0FBEEDC34}.Release|Any CPU.Build.0 = Release|Any CPU
		{852898F8-D9F0-45E2-AF51-2E6E26C2CB91}.Local|Any CPU.ActiveCfg = Local|Any CPU
		{852898F8-D9F0-45E2-AF51-2E6E26C2CB91}.Local|Any CPU.Build.0 = Local|Any CPU
		{852898F8-D9F0-45E2-AF51-2E6E26C2CB91}.Debug|Any CPU.ActiveCfg = Debug|Any CPU
		{852898F8-D9F0-45E2-AF51-2E6E26C2CB91}.Debug|Any CPU.Build.0 = Debug|Any CPU
		{852898F8-D9F0-45E2-AF51-2E6E26C2CB91}.Testing|Any CPU.ActiveCfg = Testing|Any CPU
		{852898F8-D9F0-45E2-AF51-2E6E26C2CB91}.Testing|Any CPU.Build.0 = Testing|Any CPU
		{852898F8-D9F0-45E2-AF51-2E6E26C2CB91}.Staging|Any CPU.ActiveCfg = Staging|Any CPU
		{852898F8-D9F0-45E2-AF51-2E6E26C2CB91}.Staging|Any CPU.Build.0 = Staging|Any CPU
		{852898F8-D9F0-45E2-AF51-2E6E26C2CB91}.Production|Any CPU.ActiveCfg = Local|Any CPU
		{852898F8-D9F0-45E2-AF51-2E6E26C2CB91}.Production|Any CPU.Build.0 = Local|Any CPU
		{852898F8-D9F0-45E2-AF51-2E6E26C2CB91}.Release|Any CPU.ActiveCfg = Release|Any CPU
		{852898F8-D9F0-45E2-AF51-2E6E26C2CB91}.Release|Any CPU.Build.0 = Release|Any CPU
		{2D7D820F-E0A1-4426-8D41-E912C7F55545}.Local|Any CPU.ActiveCfg = Local|Any CPU
		{2D7D820F-E0A1-4426-8D41-E912C7F55545}.Local|Any CPU.Build.0 = Local|Any CPU
		{2D7D820F-E0A1-4426-8D41-E912C7F55545}.Debug|Any CPU.ActiveCfg = Debug|Any CPU
		{2D7D820F-E0A1-4426-8D41-E912C7F55545}.Debug|Any CPU.Build.0 = Debug|Any CPU
		{2D7D820F-E0A1-4426-8D41-E912C7F55545}.Testing|Any CPU.ActiveCfg = Testing|Any CPU
		{2D7D820F-E0A1-4426-8D41-E912C7F55545}.Testing|Any CPU.Build.0 = Testing|Any CPU
		{2D7D820F-E0A1-4426-8D41-E912C7F55545}.Staging|Any CPU.ActiveCfg = Staging|Any CPU
		{2D7D820F-E0A1-4426-8D41-E912C7F55545}.Staging|Any CPU.Build.0 = Staging|Any CPU
		{2D7D820F-E0A1-4426-8D41-E912C7F55545}.Production|Any CPU.ActiveCfg = Local|Any CPU
		{2D7D820F-E0A1-4426-8D41-E912C7F55545}.Production|Any CPU.Build.0 = Local|Any CPU
		{2D7D820F-E0A1-4426-8D41-E912C7F55545}.Release|Any CPU.ActiveCfg = Release|Any CPU
		{2D7D820F-E0A1-4426-8D41-E912C7F55545}.Release|Any CPU.Build.0 = Release|Any CPU
		{5A958146-A437-4A42-B249-CEB5685B07DE}.Local|Any CPU.ActiveCfg = Local|Any CPU
		{5A958146-A437-4A42-B249-CEB5685B07DE}.Local|Any CPU.Build.0 = Local|Any CPU
		{5A958146-A437-4A42-B249-CEB5685B07DE}.Debug|Any CPU.ActiveCfg = Debug|Any CPU
		{5A958146-A437-4A42-B249-CEB5685B07DE}.Debug|Any CPU.Build.0 = Debug|Any CPU
		{5A958146-A437-4A42-B249-CEB5685B07DE}.Testing|Any CPU.ActiveCfg = Testing|Any CPU
		{5A958146-A437-4A42-B249-CEB5685B07DE}.Testing|Any CPU.Build.0 = Testing|Any CPU
		{5A958146-A437-4A42-B249-CEB5685B07DE}.Staging|Any CPU.ActiveCfg = Staging|Any CPU
		{5A958146-A437-4A42-B249-CEB5685B07DE}.Staging|Any CPU.Build.0 = Staging|Any CPU
		{5A958146-A437-4A42-B249-CEB5685B07DE}.Production|Any CPU.ActiveCfg = Local|Any CPU
		{5A958146-A437-4A42-B249-CEB5685B07DE}.Production|Any CPU.Build.0 = Local|Any CPU
		{5A958146-A437-4A42-B249-CEB5685B07DE}.Release|Any CPU.ActiveCfg = Release|Any CPU
		{5A958146-A437-4A42-B249-CEB5685B07DE}.Release|Any CPU.Build.0 = Release|Any CPU
		{3876F5AB-CB97-4D87-81C8-79AD596F764B}.Local|Any CPU.ActiveCfg = Local|Any CPU
		{3876F5AB-CB97-4D87-81C8-79AD596F764B}.Local|Any CPU.Build.0 = Local|Any CPU
		{3876F5AB-CB97-4D87-81C8-79AD596F764B}.Debug|Any CPU.ActiveCfg = Debug|Any CPU
		{3876F5AB-CB97-4D87-81C8-79AD596F764B}.Debug|Any CPU.Build.0 = Debug|Any CPU
		{3876F5AB-CB97-4D87-81C8-79AD596F764B}.Testing|Any CPU.ActiveCfg = Testing|Any CPU
		{3876F5AB-CB97-4D87-81C8-79AD596F764B}.Testing|Any CPU.Build.0 = Testing|Any CPU
		{3876F5AB-CB97-4D87-81C8-79AD596F764B}.Staging|Any CPU.ActiveCfg = Staging|Any CPU
		{3876F5AB-CB97-4D87-81C8-79AD596F764B}.Staging|Any CPU.Build.0 = Staging|Any CPU
		{3876F5AB-CB97-4D87-81C8-79AD596F764B}.Production|Any CPU.ActiveCfg = Local|Any CPU
		{3876F5AB-CB97-4D87-81C8-79AD596F764B}.Production|Any CPU.Build.0 = Local|Any CPU
		{3876F5AB-CB97-4D87-81C8-79AD596F764B}.Release|Any CPU.ActiveCfg = Release|Any CPU
		{3876F5AB-CB97-4D87-81C8-79AD596F764B}.Release|Any CPU.Build.0 = Release|Any CPU
		{DD828C9C-C6EC-42D3-B3DF-4930FDB9E665}.Local|Any CPU.ActiveCfg = Local|Any CPU
		{DD828C9C-C6EC-42D3-B3DF-4930FDB9E665}.Local|Any CPU.Build.0 = Local|Any CPU
		{DD828C9C-C6EC-42D3-B3DF-4930FDB9E665}.Debug|Any CPU.ActiveCfg = Debug|Any CPU
		{DD828C9C-C6EC-42D3-B3DF-4930FDB9E665}.Debug|Any CPU.Build.0 = Debug|Any CPU
		{DD828C9C-C6EC-42D3-B3DF-4930FDB9E665}.Testing|Any CPU.ActiveCfg = Testing|Any CPU
		{DD828C9C-C6EC-42D3-B3DF-4930FDB9E665}.Testing|Any CPU.Build.0 = Testing|Any CPU
		{DD828C9C-C6EC-42D3-B3DF-4930FDB9E665}.Staging|Any CPU.ActiveCfg = Staging|Any CPU
		{DD828C9C-C6EC-42D3-B3DF-4930FDB9E665}.Staging|Any CPU.Build.0 = Staging|Any CPU
		{DD828C9C-C6EC-42D3-B3DF-4930FDB9E665}.Production|Any CPU.ActiveCfg = Local|Any CPU
		{DD828C9C-C6EC-42D3-B3DF-4930FDB9E665}.Production|Any CPU.Build.0 = Local|Any CPU
		{DD828C9C-C6EC-42D3-B3DF-4930FDB9E665}.Release|Any CPU.ActiveCfg = Release|Any CPU
		{DD828C9C-C6EC-42D3-B3DF-4930FDB9E665}.Release|Any CPU.Build.0 = Release|Any CPU
		{9B1FE8B0-8FBF-4681-BC60-A6177C403073}.Local|Any CPU.ActiveCfg = Local|Any CPU
		{9B1FE8B0-8FBF-4681-BC60-A6177C403073}.Local|Any CPU.Build.0 = Local|Any CPU
		{9B1FE8B0-8FBF-4681-BC60-A6177C403073}.Debug|Any CPU.ActiveCfg = Debug|Any CPU
		{9B1FE8B0-8FBF-4681-BC60-A6177C403073}.Debug|Any CPU.Build.0 = Debug|Any CPU
		{9B1FE8B0-8FBF-4681-BC60-A6177C403073}.Testing|Any CPU.ActiveCfg = Testing|Any CPU
		{9B1FE8B0-8FBF-4681-BC60-A6177C403073}.Testing|Any CPU.Build.0 = Testing|Any CPU
		{9B1FE8B0-8FBF-4681-BC60-A6177C403073}.Staging|Any CPU.ActiveCfg = Staging|Any CPU
		{9B1FE8B0-8FBF-4681-BC60-A6177C403073}.Staging|Any CPU.Build.0 = Staging|Any CPU
		{9B1FE8B0-8FBF-4681-BC60-A6177C403073}.Production|Any CPU.ActiveCfg = Local|Any CPU
		{9B1FE8B0-8FBF-4681-BC60-A6177C403073}.Production|Any CPU.Build.0 = Local|Any CPU
		{9B1FE8B0-8FBF-4681-BC60-A6177C403073}.Release|Any CPU.ActiveCfg = Release|Any CPU
		{9B1FE8B0-8FBF-4681-BC60-A6177C403073}.Release|Any CPU.Build.0 = Release|Any CPU
	EndGlobalSection
	GlobalSection(SolutionProperties) = preSolution
		HideSolutionNode = FALSE
	EndGlobalSection
	GlobalSection(ExtensibilityGlobals) = postSolution
		SolutionGuid = {3FAB1DBF-04CB-471D-AEAF-71E5EDA08669}
	EndGlobalSection
	GlobalSection(NestedProjects) = preSolution
		{828E6F24-CF9B-460C-8B98-A7D36E01D5C2} = {C568D0CD-2258-4A23-AB48-6A921ADE16F8}
		{788E1832-67B3-4F53-AB6B-65100F1FA889} = {C568D0CD-2258-4A23-AB48-6A921ADE16F8}
		{D9C6C62A-D71B-41CA-9822-4DA0FBEEDC34} = {C568D0CD-2258-4A23-AB48-6A921ADE16F8}
		{852898F8-D9F0-45E2-AF51-2E6E26C2CB91} = {C568D0CD-2258-4A23-AB48-6A921ADE16F8}
		{2D7D820F-E0A1-4426-8D41-E912C7F55545} = {C568D0CD-2258-4A23-AB48-6A921ADE16F8}
		{5A958146-A437-4A42-B249-CEB5685B07DE} = {C568D0CD-2258-4A23-AB48-6A921ADE16F8}
		{3876F5AB-CB97-4D87-81C8-79AD596F764B} = {C568D0CD-2258-4A23-AB48-6A921ADE16F8}
		{DD828C9C-C6EC-42D3-B3DF-4930FDB9E665} = {C568D0CD-2258-4A23-AB48-6A921ADE16F8}
		{9B1FE8B0-8FBF-4681-BC60-A6177C403073} = {C568D0CD-2258-4A23-AB48-6A921ADE16F8}
	EndGlobalSection
EndGlobal
