Microsoft Visual Studio Solution File, Format Version 12.00
# 
Project("{2150E333-8FDC-42A3-9474-1A3956D46DE8}") = "Solution Items", "Solution Items", "{B283EBC2-E01F-412D-9339-FD56EF114549}"
	ProjectSection(SolutionItems) = preProject
		..\..\..\..\Directory.Build.props = ..\..\..\..\Directory.Build.props
		..\..\..\..\Directory.Build.targets = ..\..\..\..\Directory.Build.targets
		..\..\..\..\global.json = ..\..\..\..\global.json
		..\..\..\..\Packages\Versions.Local.props = ..\..\..\..\Packages\Versions.Local.props
	EndProjectSection
EndProject
Project("{FAE04EC0-301F-11D3-BF4B-00C04F79EFBC}") = "Dgmjr.Identity.Abstractions", "..\Abstractions\Dgmjr.Identity.Abstractions.csproj", "{9DC1CF83-B59B-44F1-A712-A5333309A936}"
EndProject
Project("{FAE04EC0-301F-11D3-BF4B-00C04F79EFBC}") = "Dgmjr.Identity.Constants", "..\Constants\Dgmjr.Identity.Constants.csproj", "{172E3E97-96B7-41EA-82DC-DF7C0B2F94F4}"
EndProject
Project("{FAE04EC0-301F-11D3-BF4B-00C04F79EFBC}") = "Dgmjr.Identity.EntityFrameworkCore.Constants", "..\EntityFrameworkCore.Constants\Dgmjr.Identity.EntityFrameworkCore.Constants.csproj", "{C606616F-C1E6-42E7-B6DF-7FDB96C75364}"
EndProject
Project("{FAE04EC0-301F-11D3-BF4B-00C04F79EFBC}") = "Dgmjr.Identity.Models", "..\Models\Dgmjr.Identity.Models.csproj", "{86167856-B2E8-4291-B4F0-B607E7656F91}"
EndProject
Project("{FAE04EC0-301F-11D3-BF4B-00C04F79EFBC}") = "Dgmjr.Identity.EntityFrameworkCore", "Dgmjr.Identity.EntityFrameworkCore.csproj", "{110D68AE-51AF-4812-8F14-CAF20F96B525}"
EndProject
Global
	GlobalSection(SolutionConfigurationPlatforms) = preSolution
		Local|Any CPU = Local|Any CPU
		Debug|Any CPU = Debug|Any CPU
		Testing|Any CPU = Testing|Any CPU
		Staging|Any CPU = Staging|Any CPU
		Production|Any CPU = Production|Any CPU
		Release|Any CPU = Release|Any CPU
	EndGlobalSection
	GlobalSection(ProjectConfigurationPlatforms) = postSolution
		{9DC1CF83-B59B-44F1-A712-A5333309A936}.Local|Any CPU.ActiveCfg = Local|Any CPU
		{9DC1CF83-B59B-44F1-A712-A5333309A936}.Local|Any CPU.Build.0 = Local|Any CPU
		{9DC1CF83-B59B-44F1-A712-A5333309A936}.Debug|Any CPU.ActiveCfg = Debug|Any CPU
		{9DC1CF83-B59B-44F1-A712-A5333309A936}.Debug|Any CPU.Build.0 = Debug|Any CPU
		{9DC1CF83-B59B-44F1-A712-A5333309A936}.Testing|Any CPU.ActiveCfg = Testing|Any CPU
		{9DC1CF83-B59B-44F1-A712-A5333309A936}.Testing|Any CPU.Build.0 = Testing|Any CPU
		{9DC1CF83-B59B-44F1-A712-A5333309A936}.Staging|Any CPU.ActiveCfg = Staging|Any CPU
		{9DC1CF83-B59B-44F1-A712-A5333309A936}.Staging|Any CPU.Build.0 = Staging|Any CPU
		{9DC1CF83-B59B-44F1-A712-A5333309A936}.Production|Any CPU.ActiveCfg = Local|Any CPU
		{9DC1CF83-B59B-44F1-A712-A5333309A936}.Production|Any CPU.Build.0 = Local|Any CPU
		{9DC1CF83-B59B-44F1-A712-A5333309A936}.Release|Any CPU.ActiveCfg = Release|Any CPU
		{9DC1CF83-B59B-44F1-A712-A5333309A936}.Release|Any CPU.Build.0 = Release|Any CPU
		{172E3E97-96B7-41EA-82DC-DF7C0B2F94F4}.Local|Any CPU.ActiveCfg = Local|Any CPU
		{172E3E97-96B7-41EA-82DC-DF7C0B2F94F4}.Local|Any CPU.Build.0 = Local|Any CPU
		{172E3E97-96B7-41EA-82DC-DF7C0B2F94F4}.Debug|Any CPU.ActiveCfg = Debug|Any CPU
		{172E3E97-96B7-41EA-82DC-DF7C0B2F94F4}.Debug|Any CPU.Build.0 = Debug|Any CPU
		{172E3E97-96B7-41EA-82DC-DF7C0B2F94F4}.Testing|Any CPU.ActiveCfg = Testing|Any CPU
		{172E3E97-96B7-41EA-82DC-DF7C0B2F94F4}.Testing|Any CPU.Build.0 = Testing|Any CPU
		{172E3E97-96B7-41EA-82DC-DF7C0B2F94F4}.Staging|Any CPU.ActiveCfg = Staging|Any CPU
		{172E3E97-96B7-41EA-82DC-DF7C0B2F94F4}.Staging|Any CPU.Build.0 = Staging|Any CPU
		{172E3E97-96B7-41EA-82DC-DF7C0B2F94F4}.Production|Any CPU.ActiveCfg = Local|Any CPU
		{172E3E97-96B7-41EA-82DC-DF7C0B2F94F4}.Production|Any CPU.Build.0 = Local|Any CPU
		{172E3E97-96B7-41EA-82DC-DF7C0B2F94F4}.Release|Any CPU.ActiveCfg = Release|Any CPU
		{172E3E97-96B7-41EA-82DC-DF7C0B2F94F4}.Release|Any CPU.Build.0 = Release|Any CPU
		{C606616F-C1E6-42E7-B6DF-7FDB96C75364}.Local|Any CPU.ActiveCfg = Local|Any CPU
		{C606616F-C1E6-42E7-B6DF-7FDB96C75364}.Local|Any CPU.Build.0 = Local|Any CPU
		{C606616F-C1E6-42E7-B6DF-7FDB96C75364}.Debug|Any CPU.ActiveCfg = Debug|Any CPU
		{C606616F-C1E6-42E7-B6DF-7FDB96C75364}.Debug|Any CPU.Build.0 = Debug|Any CPU
		{C606616F-C1E6-42E7-B6DF-7FDB96C75364}.Testing|Any CPU.ActiveCfg = Testing|Any CPU
		{C606616F-C1E6-42E7-B6DF-7FDB96C75364}.Testing|Any CPU.Build.0 = Testing|Any CPU
		{C606616F-C1E6-42E7-B6DF-7FDB96C75364}.Staging|Any CPU.ActiveCfg = Staging|Any CPU
		{C606616F-C1E6-42E7-B6DF-7FDB96C75364}.Staging|Any CPU.Build.0 = Staging|Any CPU
		{C606616F-C1E6-42E7-B6DF-7FDB96C75364}.Production|Any CPU.ActiveCfg = Local|Any CPU
		{C606616F-C1E6-42E7-B6DF-7FDB96C75364}.Production|Any CPU.Build.0 = Local|Any CPU
		{C606616F-C1E6-42E7-B6DF-7FDB96C75364}.Release|Any CPU.ActiveCfg = Release|Any CPU
		{C606616F-C1E6-42E7-B6DF-7FDB96C75364}.Release|Any CPU.Build.0 = Release|Any CPU
		{86167856-B2E8-4291-B4F0-B607E7656F91}.Local|Any CPU.ActiveCfg = Local|Any CPU
		{86167856-B2E8-4291-B4F0-B607E7656F91}.Local|Any CPU.Build.0 = Local|Any CPU
		{86167856-B2E8-4291-B4F0-B607E7656F91}.Debug|Any CPU.ActiveCfg = Debug|Any CPU
		{86167856-B2E8-4291-B4F0-B607E7656F91}.Debug|Any CPU.Build.0 = Debug|Any CPU
		{86167856-B2E8-4291-B4F0-B607E7656F91}.Testing|Any CPU.ActiveCfg = Testing|Any CPU
		{86167856-B2E8-4291-B4F0-B607E7656F91}.Testing|Any CPU.Build.0 = Testing|Any CPU
		{86167856-B2E8-4291-B4F0-B607E7656F91}.Staging|Any CPU.ActiveCfg = Staging|Any CPU
		{86167856-B2E8-4291-B4F0-B607E7656F91}.Staging|Any CPU.Build.0 = Staging|Any CPU
		{86167856-B2E8-4291-B4F0-B607E7656F91}.Production|Any CPU.ActiveCfg = Local|Any CPU
		{86167856-B2E8-4291-B4F0-B607E7656F91}.Production|Any CPU.Build.0 = Local|Any CPU
		{86167856-B2E8-4291-B4F0-B607E7656F91}.Release|Any CPU.ActiveCfg = Release|Any CPU
		{86167856-B2E8-4291-B4F0-B607E7656F91}.Release|Any CPU.Build.0 = Release|Any CPU
		{110D68AE-51AF-4812-8F14-CAF20F96B525}.Local|Any CPU.ActiveCfg = Local|Any CPU
		{110D68AE-51AF-4812-8F14-CAF20F96B525}.Local|Any CPU.Build.0 = Local|Any CPU
		{110D68AE-51AF-4812-8F14-CAF20F96B525}.Debug|Any CPU.ActiveCfg = Debug|Any CPU
		{110D68AE-51AF-4812-8F14-CAF20F96B525}.Debug|Any CPU.Build.0 = Debug|Any CPU
		{110D68AE-51AF-4812-8F14-CAF20F96B525}.Testing|Any CPU.ActiveCfg = Testing|Any CPU
		{110D68AE-51AF-4812-8F14-CAF20F96B525}.Testing|Any CPU.Build.0 = Testing|Any CPU
		{110D68AE-51AF-4812-8F14-CAF20F96B525}.Staging|Any CPU.ActiveCfg = Staging|Any CPU
		{110D68AE-51AF-4812-8F14-CAF20F96B525}.Staging|Any CPU.Build.0 = Staging|Any CPU
		{110D68AE-51AF-4812-8F14-CAF20F96B525}.Production|Any CPU.ActiveCfg = Local|Any CPU
		{110D68AE-51AF-4812-8F14-CAF20F96B525}.Production|Any CPU.Build.0 = Local|Any CPU
		{110D68AE-51AF-4812-8F14-CAF20F96B525}.Release|Any CPU.ActiveCfg = Release|Any CPU
		{110D68AE-51AF-4812-8F14-CAF20F96B525}.Release|Any CPU.Build.0 = Release|Any CPU
	EndGlobalSection
	GlobalSection(SolutionProperties) = preSolution
		HideSolutionNode = FALSE
	EndGlobalSection
	GlobalSection(ExtensibilityGlobals) = postSolution
		SolutionGuid = {518AD26F-A54F-45BC-AD8C-8202FAEDCEEA}
	EndGlobalSection
EndGlobal
