Microsoft Visual Studio Solution File, Format Version 12.00
# 
Project("{2150E333-8FDC-42A3-9474-1A3956D46DE8}") = "Solution Items", "Solution Items", "{B283EBC2-E01F-412D-9339-FD56EF114549}"
	ProjectSection(SolutionItems) = preProject
		..\..\..\..\Directory.Build.props = ..\..\..\..\Directory.Build.props
		..\..\..\..\Directory.Build.targets = ..\..\..\..\Directory.Build.targets
		..\..\..\..\global.json = ..\..\..\..\global.json
		..\..\..\..\Packages\Versions.Local.props = ..\..\..\..\Packages\Versions.Local.props
	EndProjectSection
EndProject
Project("{FAE04EC0-301F-11D3-BF4B-00C04F79EFBC}") = "Dgmjr.Identity.Abstractions", "..\Abstractions\Dgmjr.Identity.Abstractions.csproj", "{47C0DCA7-3570-429A-A667-73107066AB4D}"
EndProject
Project("{FAE04EC0-301F-11D3-BF4B-00C04F79EFBC}") = "Dgmjr.Identity.Constants", "..\Constants\Dgmjr.Identity.Constants.csproj", "{A7363C46-DE46-4399-B022-347723B78B16}"
EndProject
Project("{FAE04EC0-301F-11D3-BF4B-00C04F79EFBC}") = "Dgmjr.Identity.EntityFrameworkCore.Constants", "..\EntityFrameworkCore.Constants\Dgmjr.Identity.EntityFrameworkCore.Constants.csproj", "{A6A46A47-B747-4611-B4EF-3CDF93602308}"
EndProject
Project("{FAE04EC0-301F-11D3-BF4B-00C04F79EFBC}") = "Dgmjr.Identity.Models", "..\Models\Dgmjr.Identity.Models.csproj", "{95B41E0C-E2CD-4453-8DAD-11CBD36AB785}"
EndProject
Project("{FAE04EC0-301F-11D3-BF4B-00C04F79EFBC}") = "Dgmjr.Identity.EntityFrameworkCore", "Dgmjr.Identity.EntityFrameworkCore.csproj", "{CC34A74D-54A5-4E5C-BEA5-0D20B0C254D9}"
EndProject
Global
	GlobalSection(SolutionConfigurationPlatforms) = preSolution
		Debug|Any CPU = Debug|Any CPU
		Debug|x64 = Debug|x64
		Debug|x86 = Debug|x86
		Release|Any CPU = Release|Any CPU
		Release|x64 = Release|x64
		Release|x86 = Release|x86
	EndGlobalSection
	GlobalSection(ProjectConfigurationPlatforms) = postSolution
		{47C0DCA7-3570-429A-A667-73107066AB4D}.Debug|Any CPU.ActiveCfg = Debug|Any CPU
		{47C0DCA7-3570-429A-A667-73107066AB4D}.Debug|Any CPU.Build.0 = Debug|Any CPU
		{47C0DCA7-3570-429A-A667-73107066AB4D}.Debug|x64.ActiveCfg = Debug|Any CPU
		{47C0DCA7-3570-429A-A667-73107066AB4D}.Debug|x64.Build.0 = Debug|Any CPU
		{47C0DCA7-3570-429A-A667-73107066AB4D}.Debug|x86.ActiveCfg = Debug|Any CPU
		{47C0DCA7-3570-429A-A667-73107066AB4D}.Debug|x86.Build.0 = Debug|Any CPU
		{47C0DCA7-3570-429A-A667-73107066AB4D}.Release|Any CPU.ActiveCfg = Release|Any CPU
		{47C0DCA7-3570-429A-A667-73107066AB4D}.Release|Any CPU.Build.0 = Release|Any CPU
		{47C0DCA7-3570-429A-A667-73107066AB4D}.Release|x64.ActiveCfg = Release|Any CPU
		{47C0DCA7-3570-429A-A667-73107066AB4D}.Release|x64.Build.0 = Release|Any CPU
		{47C0DCA7-3570-429A-A667-73107066AB4D}.Release|x86.ActiveCfg = Release|Any CPU
		{47C0DCA7-3570-429A-A667-73107066AB4D}.Release|x86.Build.0 = Release|Any CPU
		{A7363C46-DE46-4399-B022-347723B78B16}.Debug|Any CPU.ActiveCfg = Debug|Any CPU
		{A7363C46-DE46-4399-B022-347723B78B16}.Debug|Any CPU.Build.0 = Debug|Any CPU
		{A7363C46-DE46-4399-B022-347723B78B16}.Debug|x64.ActiveCfg = Debug|Any CPU
		{A7363C46-DE46-4399-B022-347723B78B16}.Debug|x64.Build.0 = Debug|Any CPU
		{A7363C46-DE46-4399-B022-347723B78B16}.Debug|x86.ActiveCfg = Debug|Any CPU
		{A7363C46-DE46-4399-B022-347723B78B16}.Debug|x86.Build.0 = Debug|Any CPU
		{A7363C46-DE46-4399-B022-347723B78B16}.Release|Any CPU.ActiveCfg = Release|Any CPU
		{A7363C46-DE46-4399-B022-347723B78B16}.Release|Any CPU.Build.0 = Release|Any CPU
		{A7363C46-DE46-4399-B022-347723B78B16}.Release|x64.ActiveCfg = Release|Any CPU
		{A7363C46-DE46-4399-B022-347723B78B16}.Release|x64.Build.0 = Release|Any CPU
		{A7363C46-DE46-4399-B022-347723B78B16}.Release|x86.ActiveCfg = Release|Any CPU
		{A7363C46-DE46-4399-B022-347723B78B16}.Release|x86.Build.0 = Release|Any CPU
		{A6A46A47-B747-4611-B4EF-3CDF93602308}.Debug|Any CPU.ActiveCfg = Debug|Any CPU
		{A6A46A47-B747-4611-B4EF-3CDF93602308}.Debug|Any CPU.Build.0 = Debug|Any CPU
		{A6A46A47-B747-4611-B4EF-3CDF93602308}.Debug|x64.ActiveCfg = Debug|Any CPU
		{A6A46A47-B747-4611-B4EF-3CDF93602308}.Debug|x64.Build.0 = Debug|Any CPU
		{A6A46A47-B747-4611-B4EF-3CDF93602308}.Debug|x86.ActiveCfg = Debug|Any CPU
		{A6A46A47-B747-4611-B4EF-3CDF93602308}.Debug|x86.Build.0 = Debug|Any CPU
		{A6A46A47-B747-4611-B4EF-3CDF93602308}.Release|Any CPU.ActiveCfg = Release|Any CPU
		{A6A46A47-B747-4611-B4EF-3CDF93602308}.Release|Any CPU.Build.0 = Release|Any CPU
		{A6A46A47-B747-4611-B4EF-3CDF93602308}.Release|x64.ActiveCfg = Release|Any CPU
		{A6A46A47-B747-4611-B4EF-3CDF93602308}.Release|x64.Build.0 = Release|Any CPU
		{A6A46A47-B747-4611-B4EF-3CDF93602308}.Release|x86.ActiveCfg = Release|Any CPU
		{A6A46A47-B747-4611-B4EF-3CDF93602308}.Release|x86.Build.0 = Release|Any CPU
		{95B41E0C-E2CD-4453-8DAD-11CBD36AB785}.Debug|Any CPU.ActiveCfg = Debug|Any CPU
		{95B41E0C-E2CD-4453-8DAD-11CBD36AB785}.Debug|Any CPU.Build.0 = Debug|Any CPU
		{95B41E0C-E2CD-4453-8DAD-11CBD36AB785}.Debug|x64.ActiveCfg = Debug|Any CPU
		{95B41E0C-E2CD-4453-8DAD-11CBD36AB785}.Debug|x64.Build.0 = Debug|Any CPU
		{95B41E0C-E2CD-4453-8DAD-11CBD36AB785}.Debug|x86.ActiveCfg = Debug|Any CPU
		{95B41E0C-E2CD-4453-8DAD-11CBD36AB785}.Debug|x86.Build.0 = Debug|Any CPU
		{95B41E0C-E2CD-4453-8DAD-11CBD36AB785}.Release|Any CPU.ActiveCfg = Release|Any CPU
		{95B41E0C-E2CD-4453-8DAD-11CBD36AB785}.Release|Any CPU.Build.0 = Release|Any CPU
		{95B41E0C-E2CD-4453-8DAD-11CBD36AB785}.Release|x64.ActiveCfg = Release|Any CPU
		{95B41E0C-E2CD-4453-8DAD-11CBD36AB785}.Release|x64.Build.0 = Release|Any CPU
		{95B41E0C-E2CD-4453-8DAD-11CBD36AB785}.Release|x86.ActiveCfg = Release|Any CPU
		{95B41E0C-E2CD-4453-8DAD-11CBD36AB785}.Release|x86.Build.0 = Release|Any CPU
		{CC34A74D-54A5-4E5C-BEA5-0D20B0C254D9}.Debug|Any CPU.ActiveCfg = Debug|Any CPU
		{CC34A74D-54A5-4E5C-BEA5-0D20B0C254D9}.Debug|Any CPU.Build.0 = Debug|Any CPU
		{CC34A74D-54A5-4E5C-BEA5-0D20B0C254D9}.Debug|x64.ActiveCfg = Debug|Any CPU
		{CC34A74D-54A5-4E5C-BEA5-0D20B0C254D9}.Debug|x64.Build.0 = Debug|Any CPU
		{CC34A74D-54A5-4E5C-BEA5-0D20B0C254D9}.Debug|x86.ActiveCfg = Debug|Any CPU
		{CC34A74D-54A5-4E5C-BEA5-0D20B0C254D9}.Debug|x86.Build.0 = Debug|Any CPU
		{CC34A74D-54A5-4E5C-BEA5-0D20B0C254D9}.Release|Any CPU.ActiveCfg = Release|Any CPU
		{CC34A74D-54A5-4E5C-BEA5-0D20B0C254D9}.Release|Any CPU.Build.0 = Release|Any CPU
		{CC34A74D-54A5-4E5C-BEA5-0D20B0C254D9}.Release|x64.ActiveCfg = Release|Any CPU
		{CC34A74D-54A5-4E5C-BEA5-0D20B0C254D9}.Release|x64.Build.0 = Release|Any CPU
		{CC34A74D-54A5-4E5C-BEA5-0D20B0C254D9}.Release|x86.ActiveCfg = Release|Any CPU
		{CC34A74D-54A5-4E5C-BEA5-0D20B0C254D9}.Release|x86.Build.0 = Release|Any CPU
	EndGlobalSection
	GlobalSection(SolutionProperties) = preSolution
		HideSolutionNode = FALSE
	EndGlobalSection
	GlobalSection(ExtensibilityGlobals) = postSolution
		SolutionGuid = {518AD26F-A54F-45BC-AD8C-8202FAEDCEEA}
	EndGlobalSection
EndGlobal
