Microsoft Visual Studio Solution File, Format Version 12.00
# 
Project("{2150E333-8FDC-42A3-9474-1A3956D46DE8}") = "Solution Items", "Solution Items", "{B283EBC2-E01F-412D-9339-FD56EF114549}"
	ProjectSection(SolutionItems) = preProject
		..\..\..\..\..\Directory.Build.props = ..\..\..\..\..\Directory.Build.props
		..\..\..\..\..\Directory.Build.targets = ..\..\..\..\..\Directory.Build.targets
		..\..\..\..\..\global.json = ..\..\..\..\..\global.json
		..\..\..\..\..\Packages\Versions.Local.props = ..\..\..\..\..\Packages\Versions.Local.props
	EndProjectSection
EndProject
Project("{FAE04EC0-301F-11D3-BF4B-00C04F79EFBC}") = "Dgmjr.Identity.Core", "..\Core\Dgmjr.Identity.Core.csproj", "{7FAAD424-EAEB-49BA-B204-10DB87772E86}"
EndProject
Project("{FAE04EC0-301F-11D3-BF4B-00C04F79EFBC}") = "Dgmjr.Identity.ClaimValueTypes", "..\ClaimValueTypes\Dgmjr.Identity.ClaimValueTypes.csproj", "{C5824E03-649B-4944-8491-E84CD007FB07}"
EndProject
Project("{FAE04EC0-301F-11D3-BF4B-00C04F79EFBC}") = "Dgmjr.Identity.ClaimTypes", "Dgmjr.Identity.ClaimTypes.csproj", "{7FA352FE-0BFF-49D1-A8E0-69FAA02A2990}"
EndProject
Global
	GlobalSection(SolutionConfigurationPlatforms) = preSolution
		Local|Any CPU = Local|Any CPU
		Debug|Any CPU = Debug|Any CPU
		Testing|Any CPU = Testing|Any CPU
		Staging|Any CPU = Staging|Any CPU
		Production|Any CPU = Production|Any CPU
		Release|Any CPU = Release|Any CPU
	EndGlobalSection
	GlobalSection(ProjectConfigurationPlatforms) = postSolution
		{7FAAD424-EAEB-49BA-B204-10DB87772E86}.Local|Any CPU.ActiveCfg = Local|Any CPU
		{7FAAD424-EAEB-49BA-B204-10DB87772E86}.Local|Any CPU.Build.0 = Local|Any CPU
		{7FAAD424-EAEB-49BA-B204-10DB87772E86}.Debug|Any CPU.ActiveCfg = Debug|Any CPU
		{7FAAD424-EAEB-49BA-B204-10DB87772E86}.Debug|Any CPU.Build.0 = Debug|Any CPU
		{7FAAD424-EAEB-49BA-B204-10DB87772E86}.Testing|Any CPU.ActiveCfg = Testing|Any CPU
		{7FAAD424-EAEB-49BA-B204-10DB87772E86}.Testing|Any CPU.Build.0 = Testing|Any CPU
		{7FAAD424-EAEB-49BA-B204-10DB87772E86}.Staging|Any CPU.ActiveCfg = Staging|Any CPU
		{7FAAD424-EAEB-49BA-B204-10DB87772E86}.Staging|Any CPU.Build.0 = Staging|Any CPU
		{7FAAD424-EAEB-49BA-B204-10DB87772E86}.Production|Any CPU.ActiveCfg = Local|Any CPU
		{7FAAD424-EAEB-49BA-B204-10DB87772E86}.Production|Any CPU.Build.0 = Local|Any CPU
		{7FAAD424-EAEB-49BA-B204-10DB87772E86}.Release|Any CPU.ActiveCfg = Release|Any CPU
		{7FAAD424-EAEB-49BA-B204-10DB87772E86}.Release|Any CPU.Build.0 = Release|Any CPU
		{C5824E03-649B-4944-8491-E84CD007FB07}.Local|Any CPU.ActiveCfg = Local|Any CPU
		{C5824E03-649B-4944-8491-E84CD007FB07}.Local|Any CPU.Build.0 = Local|Any CPU
		{C5824E03-649B-4944-8491-E84CD007FB07}.Debug|Any CPU.ActiveCfg = Debug|Any CPU
		{C5824E03-649B-4944-8491-E84CD007FB07}.Debug|Any CPU.Build.0 = Debug|Any CPU
		{C5824E03-649B-4944-8491-E84CD007FB07}.Testing|Any CPU.ActiveCfg = Testing|Any CPU
		{C5824E03-649B-4944-8491-E84CD007FB07}.Testing|Any CPU.Build.0 = Testing|Any CPU
		{C5824E03-649B-4944-8491-E84CD007FB07}.Staging|Any CPU.ActiveCfg = Staging|Any CPU
		{C5824E03-649B-4944-8491-E84CD007FB07}.Staging|Any CPU.Build.0 = Staging|Any CPU
		{C5824E03-649B-4944-8491-E84CD007FB07}.Production|Any CPU.ActiveCfg = Local|Any CPU
		{C5824E03-649B-4944-8491-E84CD007FB07}.Production|Any CPU.Build.0 = Local|Any CPU
		{C5824E03-649B-4944-8491-E84CD007FB07}.Release|Any CPU.ActiveCfg = Release|Any CPU
		{C5824E03-649B-4944-8491-E84CD007FB07}.Release|Any CPU.Build.0 = Release|Any CPU
		{7FA352FE-0BFF-49D1-A8E0-69FAA02A2990}.Local|Any CPU.ActiveCfg = Local|Any CPU
		{7FA352FE-0BFF-49D1-A8E0-69FAA02A2990}.Local|Any CPU.Build.0 = Local|Any CPU
		{7FA352FE-0BFF-49D1-A8E0-69FAA02A2990}.Debug|Any CPU.ActiveCfg = Debug|Any CPU
		{7FA352FE-0BFF-49D1-A8E0-69FAA02A2990}.Debug|Any CPU.Build.0 = Debug|Any CPU
		{7FA352FE-0BFF-49D1-A8E0-69FAA02A2990}.Testing|Any CPU.ActiveCfg = Testing|Any CPU
		{7FA352FE-0BFF-49D1-A8E0-69FAA02A2990}.Testing|Any CPU.Build.0 = Testing|Any CPU
		{7FA352FE-0BFF-49D1-A8E0-69FAA02A2990}.Staging|Any CPU.ActiveCfg = Staging|Any CPU
		{7FA352FE-0BFF-49D1-A8E0-69FAA02A2990}.Staging|Any CPU.Build.0 = Staging|Any CPU
		{7FA352FE-0BFF-49D1-A8E0-69FAA02A2990}.Production|Any CPU.ActiveCfg = Local|Any CPU
		{7FA352FE-0BFF-49D1-A8E0-69FAA02A2990}.Production|Any CPU.Build.0 = Local|Any CPU
		{7FA352FE-0BFF-49D1-A8E0-69FAA02A2990}.Release|Any CPU.ActiveCfg = Release|Any CPU
		{7FA352FE-0BFF-49D1-A8E0-69FAA02A2990}.Release|Any CPU.Build.0 = Release|Any CPU
	EndGlobalSection
	GlobalSection(SolutionProperties) = preSolution
		HideSolutionNode = FALSE
	EndGlobalSection
	GlobalSection(ExtensibilityGlobals) = postSolution
		SolutionGuid = {C7D095A7-9AF6-440D-962F-46F1D0C32F13}
	EndGlobalSection
EndGlobal
