Microsoft Visual Studio Solution File, Format Version 12.00
# 
Project("{2150E333-8FDC-42A3-9474-1A3956D46DE8}") = "Solution Items", "Solution Items", "{B283EBC2-E01F-412D-9339-FD56EF114549}"
	ProjectSection(SolutionItems) = preProject
		..\..\..\..\Directory.Build.props = ..\..\..\..\Directory.Build.props
		..\..\..\..\Directory.Build.targets = ..\..\..\..\Directory.Build.targets
		..\..\..\..\global.json = ..\..\..\..\global.json
		..\..\..\..\Packages\Versions.Local.props = ..\..\..\..\Packages\Versions.Local.props
	EndProjectSection
EndProject
Project("{FAE04EC0-301F-11D3-BF4B-00C04F79EFBC}") = "Dgmjr.Identity.EntityFrameworkCore", "..\EntityFrameworkCore\Dgmjr.Identity.EntityFrameworkCore.csproj", "{959F4D30-87F9-4E45-B381-2A8B8E71F337}"
EndProject
Project("{FAE04EC0-301F-11D3-BF4B-00C04F79EFBC}") = "Dgmjr.Identity.Models", "..\Models\Dgmjr.Identity.Models.csproj", "{E4C0CE85-4CA9-48C8-87AD-0EE7763FC6EC}"
EndProject
Project("{FAE04EC0-301F-11D3-BF4B-00C04F79EFBC}") = "Dgmjr.Identity.EntityFrameworkCore.Migrations", "Dgmjr.Identity.EntityFrameworkCore.Migrations.csproj", "{0412E1B5-0DC4-4F5C-B38C-E69080BA4AAD}"
EndProject
Global
	GlobalSection(SolutionConfigurationPlatforms) = preSolution
		Local|Any CPU = Local|Any CPU
		Debug|Any CPU = Debug|Any CPU
		Testing|Any CPU = Testing|Any CPU
		Staging|Any CPU = Staging|Any CPU
		Production|Any CPU = Production|Any CPU
		Release|Any CPU = Release|Any CPU
	EndGlobalSection
	GlobalSection(ProjectConfigurationPlatforms) = postSolution
		{959F4D30-87F9-4E45-B381-2A8B8E71F337}.Local|Any CPU.ActiveCfg = Local|Any CPU
		{959F4D30-87F9-4E45-B381-2A8B8E71F337}.Local|Any CPU.Build.0 = Local|Any CPU
		{959F4D30-87F9-4E45-B381-2A8B8E71F337}.Debug|Any CPU.ActiveCfg = Debug|Any CPU
		{959F4D30-87F9-4E45-B381-2A8B8E71F337}.Debug|Any CPU.Build.0 = Debug|Any CPU
		{959F4D30-87F9-4E45-B381-2A8B8E71F337}.Testing|Any CPU.ActiveCfg = Testing|Any CPU
		{959F4D30-87F9-4E45-B381-2A8B8E71F337}.Testing|Any CPU.Build.0 = Testing|Any CPU
		{959F4D30-87F9-4E45-B381-2A8B8E71F337}.Staging|Any CPU.ActiveCfg = Staging|Any CPU
		{959F4D30-87F9-4E45-B381-2A8B8E71F337}.Staging|Any CPU.Build.0 = Staging|Any CPU
		{959F4D30-87F9-4E45-B381-2A8B8E71F337}.Production|Any CPU.ActiveCfg = Local|Any CPU
		{959F4D30-87F9-4E45-B381-2A8B8E71F337}.Production|Any CPU.Build.0 = Local|Any CPU
		{959F4D30-87F9-4E45-B381-2A8B8E71F337}.Release|Any CPU.ActiveCfg = Release|Any CPU
		{959F4D30-87F9-4E45-B381-2A8B8E71F337}.Release|Any CPU.Build.0 = Release|Any CPU
		{E4C0CE85-4CA9-48C8-87AD-0EE7763FC6EC}.Local|Any CPU.ActiveCfg = Local|Any CPU
		{E4C0CE85-4CA9-48C8-87AD-0EE7763FC6EC}.Local|Any CPU.Build.0 = Local|Any CPU
		{E4C0CE85-4CA9-48C8-87AD-0EE7763FC6EC}.Debug|Any CPU.ActiveCfg = Debug|Any CPU
		{E4C0CE85-4CA9-48C8-87AD-0EE7763FC6EC}.Debug|Any CPU.Build.0 = Debug|Any CPU
		{E4C0CE85-4CA9-48C8-87AD-0EE7763FC6EC}.Testing|Any CPU.ActiveCfg = Testing|Any CPU
		{E4C0CE85-4CA9-48C8-87AD-0EE7763FC6EC}.Testing|Any CPU.Build.0 = Testing|Any CPU
		{E4C0CE85-4CA9-48C8-87AD-0EE7763FC6EC}.Staging|Any CPU.ActiveCfg = Staging|Any CPU
		{E4C0CE85-4CA9-48C8-87AD-0EE7763FC6EC}.Staging|Any CPU.Build.0 = Staging|Any CPU
		{E4C0CE85-4CA9-48C8-87AD-0EE7763FC6EC}.Production|Any CPU.ActiveCfg = Local|Any CPU
		{E4C0CE85-4CA9-48C8-87AD-0EE7763FC6EC}.Production|Any CPU.Build.0 = Local|Any CPU
		{E4C0CE85-4CA9-48C8-87AD-0EE7763FC6EC}.Release|Any CPU.ActiveCfg = Release|Any CPU
		{E4C0CE85-4CA9-48C8-87AD-0EE7763FC6EC}.Release|Any CPU.Build.0 = Release|Any CPU
		{0412E1B5-0DC4-4F5C-B38C-E69080BA4AAD}.Local|Any CPU.ActiveCfg = Local|Any CPU
		{0412E1B5-0DC4-4F5C-B38C-E69080BA4AAD}.Local|Any CPU.Build.0 = Local|Any CPU
		{0412E1B5-0DC4-4F5C-B38C-E69080BA4AAD}.Debug|Any CPU.ActiveCfg = Debug|Any CPU
		{0412E1B5-0DC4-4F5C-B38C-E69080BA4AAD}.Debug|Any CPU.Build.0 = Debug|Any CPU
		{0412E1B5-0DC4-4F5C-B38C-E69080BA4AAD}.Testing|Any CPU.ActiveCfg = Testing|Any CPU
		{0412E1B5-0DC4-4F5C-B38C-E69080BA4AAD}.Testing|Any CPU.Build.0 = Testing|Any CPU
		{0412E1B5-0DC4-4F5C-B38C-E69080BA4AAD}.Staging|Any CPU.ActiveCfg = Staging|Any CPU
		{0412E1B5-0DC4-4F5C-B38C-E69080BA4AAD}.Staging|Any CPU.Build.0 = Staging|Any CPU
		{0412E1B5-0DC4-4F5C-B38C-E69080BA4AAD}.Production|Any CPU.ActiveCfg = Local|Any CPU
		{0412E1B5-0DC4-4F5C-B38C-E69080BA4AAD}.Production|Any CPU.Build.0 = Local|Any CPU
		{0412E1B5-0DC4-4F5C-B38C-E69080BA4AAD}.Release|Any CPU.ActiveCfg = Release|Any CPU
		{0412E1B5-0DC4-4F5C-B38C-E69080BA4AAD}.Release|Any CPU.Build.0 = Release|Any CPU
	EndGlobalSection
	GlobalSection(SolutionProperties) = preSolution
		HideSolutionNode = FALSE
	EndGlobalSection
	GlobalSection(ExtensibilityGlobals) = postSolution
		SolutionGuid = {3E11827F-D990-43C0-8389-73A5A55C3B03}
	EndGlobalSection
EndGlobal
