Microsoft Visual Studio Solution File, Format Version 12.00
# 
Project("{2150E333-8FDC-42A3-9474-1A3956D46DE8}") = "Solution Items", "Solution Items", "{B283EBC2-E01F-412D-9339-FD56EF114549}"
	ProjectSection(SolutionItems) = preProject
		..\..\..\..\Directory.Build.props = ..\..\..\..\Directory.Build.props
		..\..\..\..\Directory.Build.targets = ..\..\..\..\Directory.Build.targets
		..\..\..\..\global.json = ..\..\..\..\global.json
		..\..\..\..\Packages\Versions.Local.props = ..\..\..\..\Packages\Versions.Local.props
	EndProjectSection
EndProject
Project("{FAE04EC0-301F-11D3-BF4B-00C04F79EFBC}") = "Dgmjr.Identity.Abstractions", "..\Abstractions\Dgmjr.Identity.Abstractions.csproj", "{828E6F24-CF9B-460C-8B98-A7D36E01D5C2}"
EndProject
Project("{FAE04EC0-301F-11D3-BF4B-00C04F79EFBC}") = "Dgmjr.Identity.Claims", "..\Claims\Dgmjr.Identity.Claims.csproj", "{852898F8-D9F0-45E2-AF51-2E6E26C2CB91}"
EndProject
Project("{FAE04EC0-301F-11D3-BF4B-00C04F79EFBC}") = "Dgmjr.Identity.EntityFrameworkCore.Constants", "..\EntityFrameworkCore.Constants\Dgmjr.Identity.EntityFrameworkCore.Constants.csproj", "{B6182264-6D0D-49E8-BB07-70275AB2B287}"
EndProject
Project("{FAE04EC0-301F-11D3-BF4B-00C04F79EFBC}") = "Dgmjr.Identity.Models", "Dgmjr.Identity.Models.csproj", "{C6C8B4B3-4A58-4B0D-895D-4B29C08B077E}"
EndProject
Global
	GlobalSection(SolutionConfigurationPlatforms) = preSolution
		Local|Any CPU = Local|Any CPU
		Debug|Any CPU = Debug|Any CPU
		Testing|Any CPU = Testing|Any CPU
		Staging|Any CPU = Staging|Any CPU
		Production|Any CPU = Production|Any CPU
		Release|Any CPU = Release|Any CPU
	EndGlobalSection
	GlobalSection(ProjectConfigurationPlatforms) = postSolution
		{828E6F24-CF9B-460C-8B98-A7D36E01D5C2}.Local|Any CPU.ActiveCfg = Local|Any CPU
		{828E6F24-CF9B-460C-8B98-A7D36E01D5C2}.Local|Any CPU.Build.0 = Local|Any CPU
		{828E6F24-CF9B-460C-8B98-A7D36E01D5C2}.Debug|Any CPU.ActiveCfg = Debug|Any CPU
		{828E6F24-CF9B-460C-8B98-A7D36E01D5C2}.Debug|Any CPU.Build.0 = Debug|Any CPU
		{828E6F24-CF9B-460C-8B98-A7D36E01D5C2}.Testing|Any CPU.ActiveCfg = Testing|Any CPU
		{828E6F24-CF9B-460C-8B98-A7D36E01D5C2}.Testing|Any CPU.Build.0 = Testing|Any CPU
		{828E6F24-CF9B-460C-8B98-A7D36E01D5C2}.Staging|Any CPU.ActiveCfg = Staging|Any CPU
		{828E6F24-CF9B-460C-8B98-A7D36E01D5C2}.Staging|Any CPU.Build.0 = Staging|Any CPU
		{828E6F24-CF9B-460C-8B98-A7D36E01D5C2}.Production|Any CPU.ActiveCfg = Local|Any CPU
		{828E6F24-CF9B-460C-8B98-A7D36E01D5C2}.Production|Any CPU.Build.0 = Local|Any CPU
		{828E6F24-CF9B-460C-8B98-A7D36E01D5C2}.Release|Any CPU.ActiveCfg = Release|Any CPU
		{828E6F24-CF9B-460C-8B98-A7D36E01D5C2}.Release|Any CPU.Build.0 = Release|Any CPU
		{852898F8-D9F0-45E2-AF51-2E6E26C2CB91}.Local|Any CPU.ActiveCfg = Local|Any CPU
		{852898F8-D9F0-45E2-AF51-2E6E26C2CB91}.Local|Any CPU.Build.0 = Local|Any CPU
		{852898F8-D9F0-45E2-AF51-2E6E26C2CB91}.Debug|Any CPU.ActiveCfg = Debug|Any CPU
		{852898F8-D9F0-45E2-AF51-2E6E26C2CB91}.Debug|Any CPU.Build.0 = Debug|Any CPU
		{852898F8-D9F0-45E2-AF51-2E6E26C2CB91}.Testing|Any CPU.ActiveCfg = Testing|Any CPU
		{852898F8-D9F0-45E2-AF51-2E6E26C2CB91}.Testing|Any CPU.Build.0 = Testing|Any CPU
		{852898F8-D9F0-45E2-AF51-2E6E26C2CB91}.Staging|Any CPU.ActiveCfg = Staging|Any CPU
		{852898F8-D9F0-45E2-AF51-2E6E26C2CB91}.Staging|Any CPU.Build.0 = Staging|Any CPU
		{852898F8-D9F0-45E2-AF51-2E6E26C2CB91}.Production|Any CPU.ActiveCfg = Local|Any CPU
		{852898F8-D9F0-45E2-AF51-2E6E26C2CB91}.Production|Any CPU.Build.0 = Local|Any CPU
		{852898F8-D9F0-45E2-AF51-2E6E26C2CB91}.Release|Any CPU.ActiveCfg = Release|Any CPU
		{852898F8-D9F0-45E2-AF51-2E6E26C2CB91}.Release|Any CPU.Build.0 = Release|Any CPU
		{B6182264-6D0D-49E8-BB07-70275AB2B287}.Local|Any CPU.ActiveCfg = Local|Any CPU
		{B6182264-6D0D-49E8-BB07-70275AB2B287}.Local|Any CPU.Build.0 = Local|Any CPU
		{B6182264-6D0D-49E8-BB07-70275AB2B287}.Debug|Any CPU.ActiveCfg = Debug|Any CPU
		{B6182264-6D0D-49E8-BB07-70275AB2B287}.Debug|Any CPU.Build.0 = Debug|Any CPU
		{B6182264-6D0D-49E8-BB07-70275AB2B287}.Testing|Any CPU.ActiveCfg = Testing|Any CPU
		{B6182264-6D0D-49E8-BB07-70275AB2B287}.Testing|Any CPU.Build.0 = Testing|Any CPU
		{B6182264-6D0D-49E8-BB07-70275AB2B287}.Staging|Any CPU.ActiveCfg = Staging|Any CPU
		{B6182264-6D0D-49E8-BB07-70275AB2B287}.Staging|Any CPU.Build.0 = Staging|Any CPU
		{B6182264-6D0D-49E8-BB07-70275AB2B287}.Production|Any CPU.ActiveCfg = Local|Any CPU
		{B6182264-6D0D-49E8-BB07-70275AB2B287}.Production|Any CPU.Build.0 = Local|Any CPU
		{B6182264-6D0D-49E8-BB07-70275AB2B287}.Release|Any CPU.ActiveCfg = Release|Any CPU
		{B6182264-6D0D-49E8-BB07-70275AB2B287}.Release|Any CPU.Build.0 = Release|Any CPU
		{C6C8B4B3-4A58-4B0D-895D-4B29C08B077E}.Local|Any CPU.ActiveCfg = Local|Any CPU
		{C6C8B4B3-4A58-4B0D-895D-4B29C08B077E}.Local|Any CPU.Build.0 = Local|Any CPU
		{C6C8B4B3-4A58-4B0D-895D-4B29C08B077E}.Debug|Any CPU.ActiveCfg = Debug|Any CPU
		{C6C8B4B3-4A58-4B0D-895D-4B29C08B077E}.Debug|Any CPU.Build.0 = Debug|Any CPU
		{C6C8B4B3-4A58-4B0D-895D-4B29C08B077E}.Testing|Any CPU.ActiveCfg = Testing|Any CPU
		{C6C8B4B3-4A58-4B0D-895D-4B29C08B077E}.Testing|Any CPU.Build.0 = Testing|Any CPU
		{C6C8B4B3-4A58-4B0D-895D-4B29C08B077E}.Staging|Any CPU.ActiveCfg = Staging|Any CPU
		{C6C8B4B3-4A58-4B0D-895D-4B29C08B077E}.Staging|Any CPU.Build.0 = Staging|Any CPU
		{C6C8B4B3-4A58-4B0D-895D-4B29C08B077E}.Production|Any CPU.ActiveCfg = Local|Any CPU
		{C6C8B4B3-4A58-4B0D-895D-4B29C08B077E}.Production|Any CPU.Build.0 = Local|Any CPU
		{C6C8B4B3-4A58-4B0D-895D-4B29C08B077E}.Release|Any CPU.ActiveCfg = Release|Any CPU
		{C6C8B4B3-4A58-4B0D-895D-4B29C08B077E}.Release|Any CPU.Build.0 = Release|Any CPU
	EndGlobalSection
	GlobalSection(SolutionProperties) = preSolution
		HideSolutionNode = FALSE
	EndGlobalSection
	GlobalSection(ExtensibilityGlobals) = postSolution
		SolutionGuid = {0EA3CAEE-C5F9-45D0-A9B4-D74EE918AC65}
	EndGlobalSection
EndGlobal
