Microsoft Visual Studio Solution File, Format Version 12.00
#
Project("{2150E333-8FDC-42A3-9474-1A3956D46DE8}") = "Solution Items", "Solution Items", "{B283EBC2-E01F-412D-9339-FD56EF114549}"
	ProjectSection(SolutionItems) = preProject
		..\..\..\..\Directory.Build.props = ..\..\..\..\Directory.Build.props
		..\..\..\..\Directory.Build.targets = ..\..\..\..\Directory.Build.targets
		..\..\..\..\global.json = ..\..\..\..\global.json
		..\..\..\..\Packages\Versions.Local.props = ..\..\..\..\Packages\Versions.Local.props
	EndProjectSection
EndProject
Project("{FAE04EC0-301F-11D3-BF4B-00C04F79EFBC}") = "Dgmjr.Identity.Models", "Dgmjr.Identity.Models.csproj", "{EDFC7C72-BF86-4803-A53C-7A1FEF80128B}"
EndProject
Project("{FAE04EC0-301F-11D3-BF4B-00C04F79EFBC}") = "Dgmjr.Identity.Constants", "..\Constants\Dgmjr.Identity.Constants.csproj", "{3646BB3A-72D2-4937-A995-E63C54723C19}"
EndProject
Project("{FAE04EC0-301F-11D3-BF4B-00C04F79EFBC}") = "Dgmjr.Identity.Abstractions", "..\Abstractions\Dgmjr.Identity.Abstractions.csproj", "{C1330D93-D858-449B-A838-399918EF9B79}"
EndProject
Project("{FAE04EC0-301F-11D3-BF4B-00C04F79EFBC}") = "Dgmjr.Identity.EntityFrameworkCore", "..\EntityFrameworkCore\Dgmjr.Identity.EntityFrameworkCore.csproj", "{6D6A4BD5-B907-447B-A1C1-EB8CC4943648}"
EndProject
Global
	GlobalSection(SolutionConfigurationPlatforms) = preSolution
		Local|Any CPU = Local|Any CPU
		Debug|Any CPU = Debug|Any CPU
		Testing|Any CPU = Testing|Any CPU
		Staging|Any CPU = Staging|Any CPU
		Production|Any CPU = Production|Any CPU
		Release|Any CPU = Release|Any CPU
	EndGlobalSection
	GlobalSection(ProjectConfigurationPlatforms) = postSolution
		{EDFC7C72-BF86-4803-A53C-7A1FEF80128B}.Local|Any CPU.ActiveCfg = Local|Any CPU
		{EDFC7C72-BF86-4803-A53C-7A1FEF80128B}.Local|Any CPU.Build.0 = Local|Any CPU
		{EDFC7C72-BF86-4803-A53C-7A1FEF80128B}.Debug|Any CPU.ActiveCfg = Debug|Any CPU
		{EDFC7C72-BF86-4803-A53C-7A1FEF80128B}.Debug|Any CPU.Build.0 = Debug|Any CPU
		{EDFC7C72-BF86-4803-A53C-7A1FEF80128B}.Testing|Any CPU.ActiveCfg = Testing|Any CPU
		{EDFC7C72-BF86-4803-A53C-7A1FEF80128B}.Testing|Any CPU.Build.0 = Testing|Any CPU
		{EDFC7C72-BF86-4803-A53C-7A1FEF80128B}.Staging|Any CPU.ActiveCfg = Staging|Any CPU
		{EDFC7C72-BF86-4803-A53C-7A1FEF80128B}.Staging|Any CPU.Build.0 = Staging|Any CPU
		{EDFC7C72-BF86-4803-A53C-7A1FEF80128B}.Production|Any CPU.ActiveCfg = Local|Any CPU
		{EDFC7C72-BF86-4803-A53C-7A1FEF80128B}.Production|Any CPU.Build.0 = Local|Any CPU
		{EDFC7C72-BF86-4803-A53C-7A1FEF80128B}.Release|Any CPU.ActiveCfg = Release|Any CPU
		{EDFC7C72-BF86-4803-A53C-7A1FEF80128B}.Release|Any CPU.Build.0 = Release|Any CPU
		{3646BB3A-72D2-4937-A995-E63C54723C19}.Local|Any CPU.ActiveCfg = Local|Any CPU
		{3646BB3A-72D2-4937-A995-E63C54723C19}.Local|Any CPU.Build.0 = Local|Any CPU
		{3646BB3A-72D2-4937-A995-E63C54723C19}.Debug|Any CPU.ActiveCfg = Debug|Any CPU
		{3646BB3A-72D2-4937-A995-E63C54723C19}.Debug|Any CPU.Build.0 = Debug|Any CPU
		{3646BB3A-72D2-4937-A995-E63C54723C19}.Testing|Any CPU.ActiveCfg = Testing|Any CPU
		{3646BB3A-72D2-4937-A995-E63C54723C19}.Testing|Any CPU.Build.0 = Testing|Any CPU
		{3646BB3A-72D2-4937-A995-E63C54723C19}.Staging|Any CPU.ActiveCfg = Staging|Any CPU
		{3646BB3A-72D2-4937-A995-E63C54723C19}.Staging|Any CPU.Build.0 = Staging|Any CPU
		{3646BB3A-72D2-4937-A995-E63C54723C19}.Production|Any CPU.ActiveCfg = Local|Any CPU
		{3646BB3A-72D2-4937-A995-E63C54723C19}.Production|Any CPU.Build.0 = Local|Any CPU
		{3646BB3A-72D2-4937-A995-E63C54723C19}.Release|Any CPU.ActiveCfg = Release|Any CPU
		{3646BB3A-72D2-4937-A995-E63C54723C19}.Release|Any CPU.Build.0 = Release|Any CPU
		{C1330D93-D858-449B-A838-399918EF9B79}.Local|Any CPU.ActiveCfg = Local|Any CPU
		{C1330D93-D858-449B-A838-399918EF9B79}.Local|Any CPU.Build.0 = Local|Any CPU
		{C1330D93-D858-449B-A838-399918EF9B79}.Debug|Any CPU.ActiveCfg = Debug|Any CPU
		{C1330D93-D858-449B-A838-399918EF9B79}.Debug|Any CPU.Build.0 = Debug|Any CPU
		{C1330D93-D858-449B-A838-399918EF9B79}.Testing|Any CPU.ActiveCfg = Testing|Any CPU
		{C1330D93-D858-449B-A838-399918EF9B79}.Testing|Any CPU.Build.0 = Testing|Any CPU
		{C1330D93-D858-449B-A838-399918EF9B79}.Staging|Any CPU.ActiveCfg = Staging|Any CPU
		{C1330D93-D858-449B-A838-399918EF9B79}.Staging|Any CPU.Build.0 = Staging|Any CPU
		{C1330D93-D858-449B-A838-399918EF9B79}.Production|Any CPU.ActiveCfg = Local|Any CPU
		{C1330D93-D858-449B-A838-399918EF9B79}.Production|Any CPU.Build.0 = Local|Any CPU
		{C1330D93-D858-449B-A838-399918EF9B79}.Release|Any CPU.ActiveCfg = Release|Any CPU
		{C1330D93-D858-449B-A838-399918EF9B79}.Release|Any CPU.Build.0 = Release|Any CPU
		{6D6A4BD5-B907-447B-A1C1-EB8CC4943648}.Local|Any CPU.ActiveCfg = Local|Any CPU
		{6D6A4BD5-B907-447B-A1C1-EB8CC4943648}.Local|Any CPU.Build.0 = Local|Any CPU
		{6D6A4BD5-B907-447B-A1C1-EB8CC4943648}.Debug|Any CPU.ActiveCfg = Debug|Any CPU
		{6D6A4BD5-B907-447B-A1C1-EB8CC4943648}.Debug|Any CPU.Build.0 = Debug|Any CPU
		{6D6A4BD5-B907-447B-A1C1-EB8CC4943648}.Testing|Any CPU.ActiveCfg = Testing|Any CPU
		{6D6A4BD5-B907-447B-A1C1-EB8CC4943648}.Testing|Any CPU.Build.0 = Testing|Any CPU
		{6D6A4BD5-B907-447B-A1C1-EB8CC4943648}.Staging|Any CPU.ActiveCfg = Staging|Any CPU
		{6D6A4BD5-B907-447B-A1C1-EB8CC4943648}.Staging|Any CPU.Build.0 = Staging|Any CPU
		{6D6A4BD5-B907-447B-A1C1-EB8CC4943648}.Production|Any CPU.ActiveCfg = Local|Any CPU
		{6D6A4BD5-B907-447B-A1C1-EB8CC4943648}.Production|Any CPU.Build.0 = Local|Any CPU
		{6D6A4BD5-B907-447B-A1C1-EB8CC4943648}.Release|Any CPU.ActiveCfg = Release|Any CPU
		{6D6A4BD5-B907-447B-A1C1-EB8CC4943648}.Release|Any CPU.Build.0 = Release|Any CPU
	EndGlobalSection
	GlobalSection(SolutionProperties) = preSolution
		HideSolutionNode = FALSE
	EndGlobalSection
	GlobalSection(ExtensibilityGlobals) = postSolution
		SolutionGuid = {0EA3CAEE-C5F9-45D0-A9B4-D74EE918AC65}
	EndGlobalSection
EndGlobal
